
Microsoft Visual Studio Solution File, Format Version 12.00
# Visual Studio Version 17
VisualStudioVersion = 17.9.34701.34
MinimumVisualStudioVersion = 10.0.40219.1
Project("{FAE04EC0-301F-11D3-BF4B-00C04F79EFBC}") = "voxsay2", "voxsay2\voxsay2.csproj", "{718B934A-4222-496D-8A8F-C631B202BE78}"
EndProject
Global
	GlobalSection(SolutionConfigurationPlatforms) = preSolution
		Debug|Any CPU = Debug|Any CPU
		Release|Any CPU = Release|Any CPU
	EndGlobalSection
	GlobalSection(ProjectConfigurationPlatforms) = postSolution
		{718B934A-4222-496D-8A8F-C631B202BE78}.Debug|Any CPU.ActiveCfg = Debug|Any CPU
		{718B934A-4222-496D-8A8F-C631B202BE78}.Debug|Any CPU.Build.0 = Debug|Any CPU
		{718B934A-4222-496D-8A8F-C631B202BE78}.Release|Any CPU.ActiveCfg = Release|Any CPU
		{718B934A-4222-496D-8A8F-C631B202BE78}.Release|Any CPU.Build.0 = Release|Any CPU
	EndGlobalSection
	GlobalSection(SolutionProperties) = preSolution
		HideSolutionNode = FALSE
	EndGlobalSection
	GlobalSection(ExtensibilityGlobals) = postSolution
		SolutionGuid = {063D10B4-5D41-402B-9B35-019475CC794A}
	EndGlobalSection
EndGlobal
